{
  "name": "packagegitconfig",
  "version": "1.0.0",
  "lockfileVersion": 1,
  "requires": true,
  "dependencies": {
    "deep-equal": {
      "version": "0.0.0",
      "resolved": "https://registry.npmjs.org/deep-equal/-/deep-equal-0.0.0.tgz",
      "integrity": "sha1-mWedO70EcVb81FDT0B7rkGhpHoM=",
      "dev": true
    },
    "defined": {
      "version": "0.0.0",
      "resolved": "https://registry.npmjs.org/defined/-/defined-0.0.0.tgz",
      "integrity": "sha1-817qfXBekzuvE7LwOz+D2SFAOz4=",
      "dev": true
    },
    "gitconfiglocal": {
      "version": "0.0.0",
      "resolved": "https://registry.npmjs.org/gitconfiglocal/-/gitconfiglocal-0.0.0.tgz",
      "integrity": "sha1-rdiWx6wyazKL3ca0I4eQIJmGc+w=",
      "requires": {
        "ini": "1.1.0"
      }
    },
    "github-url": {
      "version": "1.0.0",
      "resolved": "https://registry.npmjs.org/github-url/-/github-url-1.0.0.tgz",
      "integrity": "sha1-XmDSPIo1LXp0Wf1sV/2ixKFVT3A="
    },
    "ini": {
      "version": "1.1.0",
      "resolved": "https://registry.npmjs.org/ini/-/ini-1.1.0.tgz",
      "integrity": "sha1-ToCMLOFExsF4iRjgNNZ5e8bPYoE="
    },
    "jsonify": {
      "version": "0.0.0",
      "resolved": "https://registry.npmjs.org/jsonify/-/jsonify-0.0.0.tgz",
      "integrity": "sha1-LHS27kHZPKUbe1qu6PUDYx0lKnM=",
      "dev": true
    },
    "packageroot": {
      "version": "1.0.0",
      "resolved": "https://registry.npmjs.org/packageroot/-/packageroot-1.0.0.tgz",
      "integrity": "sha512-EKHGT7SwikFa5CUB71PRAiEnjPcultQB7AsRTvGCyhdIMMbpUTVrW1e/ytnZXoG3D5FzPWElBNrzHjfTWIZOlA==",
      "requires": {
        "parents": "1.0.1"
      }
    },
    "parents": {
      "version": "1.0.1",
      "resolved": "https://registry.npmjs.org/parents/-/parents-1.0.1.tgz",
      "integrity": "sha1-/t1NK/GTp3dF/nHjcdc8MwfZx1E=",
      "requires": {
        "path-platform": "0.11.15"
      }
    },
    "path-platform": {
      "version": "0.11.15",
      "resolved": "https://registry.npmjs.org/path-platform/-/path-platform-0.11.15.tgz",
      "integrity": "sha1-6GQhf3TDaFDwhSt43Hv31KVyG/I="
    },
    "tape": {
      "version": "0.3.3",
      "resolved": "https://registry.npmjs.org/tape/-/tape-0.3.3.tgz",
      "integrity": "sha1-OtlqvIA1YTXnjxLXiiSreIJle/s=",
      "dev": true,
      "requires": {
        "deep-equal": "0.0.0",
        "defined": "0.0.0",
        "jsonify": "0.0.0"
      }
    }
  }
}
